// !$*UTF8*$!
{
	archiveVersion = 1;
	classes = {
	};
	objectVersion = 77;
	objects = {

/* Begin PBXBuildFile section */
		EF9A2EE42E78B78B0047B4FD /* GoogleMobileAds in Frameworks */ = {isa = PBXBuildFile; productRef = EF9A2EE32E78B78B0047B4FD /* GoogleMobileAds */; };
/* End PBXBuildFile section */

/* Begin PBXContainerItemProxy section */
		EF9A2EC62E78B73A0047B4FD /* PBXContainerItemProxy */ = {
			isa = PBXContainerItemProxy;
			containerPortal = EF9A2EAF2E78B7390047B4FD /* Project object */;
			proxyType = 1;
			remoteGlobalIDString = EF9A2EB62E78B7390047B4FD;
			remoteInfo = SevenMinuteWorkout;
		};
		EF9A2ED02E78B73A0047B4FD /* PBXContainerItemProxy */ = {
			isa = PBXContainerItemProxy;
			containerPortal = EF9A2EAF2E78B7390047B4FD /* Project object */;
			proxyType = 1;
			remoteGlobalIDString = EF9A2EB62E78B7390047B4FD;
			remoteInfo = SevenMinuteWorkout;
		};
/* End PBXContainerItemProxy section */

/* Begin PBXFileReference section */
		EF9A2EB72E78B7390047B4FD /* SevenMinuteWorkout.app */ = {isa = PBXFileReference; explicitFileType = wrapper.application; includeInIndex = 0; path = SevenMinuteWorkout.app; sourceTree = BUILT_PRODUCTS_DIR; };
		EF9A2EC52E78B73A0047B4FD /* SevenMinuteWorkoutTests.xctest */ = {isa = PBXFileReference; explicitFileType = wrapper.cfbundle; includeInIndex = 0; path = SevenMinuteWorkoutTests.xctest; sourceTree = BUILT_PRODUCTS_DIR; };
		EF9A2ECF2E78B73A0047B4FD /* SevenMinuteWorkoutUITests.xctest */ = {isa = PBXFileReference; explicitFileType = wrapper.cfbundle; includeInIndex = 0; path = SevenMinuteWorkoutUITests.xctest; sourceTree = BUILT_PRODUCTS_DIR; };
/* End PBXFileReference section */

/* Begin PBXFileSystemSynchronizedBuildFileExceptionSet section */
		EF9A2F402E79AAEC0047B4FD /* Exceptions for "SevenMinuteWorkout" folder in "SevenMinuteWorkout" target */ = {
			isa = PBXFileSystemSynchronizedBuildFileExceptionSet;
			membershipExceptions = (
				Info.plist,
			);
			target = EF9A2EB62E78B7390047B4FD /* SevenMinuteWorkout */;
		};
/* End PBXFileSystemSynchronizedBuildFileExceptionSet section */

/* Begin PBXFileSystemSynchronizedRootGroup section */
		EF9A2EB92E78B7390047B4FD /* SevenMinuteWorkout */ = {
			isa = PBXFileSystemSynchronizedRootGroup;
			exceptions = (
				EF9A2F402E79AAEC0047B4FD /* Exceptions for "SevenMinuteWorkout" folder in "SevenMinuteWorkout" target */,
			);
			path = SevenMinuteWorkout;
			sourceTree = "<group>";
		};
		EF9A2F502E79AAEC0047B4FD /* SevenMinuteWorkoutTests */ = {
			isa = PBXFileSystemSynchronizedRootGroup;
			path = SevenMinuteWorkoutTests;
			sourceTree = "<group>";
		};
/* End PBXFileSystemSynchronizedRootGroup section */

/* Begin PBXFrameworksBuildPhase section */
		EF9A2EB42E78B7390047B4FD /* Frameworks */ = {
			isa = PBXFrameworksBuildPhase;
			buildActionMask = 2147483647;
			files = (
				EF9A2EE42E78B78B0047B4FD /* GoogleMobileAds in Frameworks */,
			);
			runOnlyForDeploymentPostprocessing = 0;
		};
		EF9A2EC22E78B73A0047B4FD /* Frameworks */ = {
			isa = PBXFrameworksBuildPhase;
			buildActionMask = 2147483647;
			files = (
			);
			runOnlyForDeploymentPostprocessing = 0;
		};
		EF9A2ECC2E78B73A0047B4FD /* Frameworks */ = {
			isa = PBXFrameworksBuildPhase;
			buildActionMask = 2147483647;
			files = (
			);
			runOnlyForDeploymentPostprocessing = 0;
		};
/* End PBXFrameworksBuildPhase section */

/* Begin PBXGroup section */
		EF9A2EAE2E78B7390047B4FD = {
			isa = PBXGroup;
			children = (
				EF9A2EB92E78B7390047B4FD /* SevenMinuteWorkout */,
				EF9A2F502E79AAEC0047B4FD /* SevenMinuteWorkoutTests */,
				EF9A2EB82E78B7390047B4FD /* Products */,
			);
			sourceTree = "<group>";
		};
		EF9A2EB82E78B7390047B4FD /* Products */ = {
			isa = PBXGroup;
			children = (
				EF9A2EB72E78B7390047B4FD /* SevenMinuteWorkout.app */,
				EF9A2EC52E78B73A0047B4FD /* SevenMinuteWorkoutTests.xctest */,
				EF9A2ECF2E78B73A0047B4FD /* SevenMinuteWorkoutUITests.xctest */,
			);
			name = Products;
			sourceTree = "<group>";
		};
/* End PBXGroup section */

/* Begin PBXNativeTarget section */
		EF9A2EB62E78B7390047B4FD /* SevenMinuteWorkout */ = {
			isa = PBXNativeTarget;
			buildConfigurationList = EF9A2ED92E78B73A0047B4FD /* Build configuration list for PBXNativeTarget "SevenMinuteWorkout" */;
			buildPhases = (
				EF9A2EB32E78B7390047B4FD /* Sources */,
				EF9A2EB42E78B7390047B4FD /* Frameworks */,
				EF9A2EB52E78B7390047B4FD /* Resources */,
			);
			buildRules = (
			);
			dependencies = (
			);
			fileSystemSynchronizedGroups = (
				EF9A2EB92E78B7390047B4FD /* SevenMinuteWorkout */,
			);
			name = SevenMinuteWorkout;
			packageProductDependencies = (
				EF9A2EE32E78B78B0047B4FD /* GoogleMobileAds */,
			);
			productName = SevenMinuteWorkout;
			productReference = EF9A2EB72E78B7390047B4FD /* SevenMinuteWorkout.app */;
			productType = "com.apple.product-type.application";
		};
		EF9A2EC42E78B73A0047B4FD /* SevenMinuteWorkoutTests */ = {
			isa = PBXNativeTarget;
			buildConfigurationList = EF9A2EDC2E78B73A0047B4FD /* Build configuration list for PBXNativeTarget "SevenMinuteWorkoutTests" */;
			buildPhases = (
				EF9A2EC12E78B73A0047B4FD /* Sources */,
				EF9A2EC22E78B73A0047B4FD /* Frameworks */,
				EF9A2EC32E78B73A0047B4FD /* Resources */,
			);
			buildRules = (
			);
			dependencies = (
				EF9A2EC72E78B73A0047B4FD /* PBXTargetDependency */,
			);
			fileSystemSynchronizedGroups = (
				EF9A2F502E79AAEC0047B4FD /* SevenMinuteWorkoutTests */,
			);
			name = SevenMinuteWorkoutTests;
			packageProductDependencies = (
			);
			productName = SevenMinuteWorkoutTests;
			productReference = EF9A2EC52E78B73A0047B4FD /* SevenMinuteWorkoutTests.xctest */;
			productType = "com.apple.product-type.bundle.unit-test";
		};
		EF9A2ECE2E78B73A0047B4FD /* SevenMinuteWorkoutUITests */ = {
			isa = PBXNativeTarget;
			buildConfigurationList = EF9A2EDF2E78B73A0047B4FD /* Build configuration list for PBXNativeTarget "SevenMinuteWorkoutUITests" */;
			buildPhases = (
				EF9A2ECB2E78B73A0047B4FD /* Sources */,
				EF9A2ECC2E78B73A0047B4FD /* Frameworks */,
				EF9A2ECD2E78B73A0047B4FD /* Resources */,
			);
			buildRules = (
			);
			dependencies = (
				EF9A2ED12E78B73A0047B4FD /* PBXTargetDependency */,
			);
			name = SevenMinuteWorkoutUITests;
			packageProductDependencies = (
			);
			productName = SevenMinuteWorkoutUITests;
			productReference = EF9A2ECF2E78B73A0047B4FD /* SevenMinuteWorkoutUITests.xctest */;
			productType = "com.apple.product-type.bundle.ui-testing";
		};
/* End PBXNativeTarget section */

/* Begin PBXProject section */
		EF9A2EAF2E78B7390047B4FD /* Project object */ = {
			isa = PBXProject;
			attributes = {
				BuildIndependentTargetsInParallel = 1;
				LastSwiftUpdateCheck = 1640;
				LastUpgradeCheck = 2600;
				TargetAttributes = {
					EF9A2EB62E78B7390047B4FD = {
						CreatedOnToolsVersion = 16.4;
					};
					EF9A2EC42E78B73A0047B4FD = {
						CreatedOnToolsVersion = 16.4;
						TestTargetID = EF9A2EB62E78B7390047B4FD;
					};
					EF9A2ECE2E78B73A0047B4FD = {
						CreatedOnToolsVersion = 16.4;
						TestTargetID = EF9A2EB62E78B7390047B4FD;
					};
				};
			};
			buildConfigurationList = EF9A2EB22E78B7390047B4FD /* Build configuration list for PBXProject "SevenMinuteWorkout" */;
			developmentRegion = en;
			hasScannedForEncodings = 0;
			knownRegions = (
				en,
				Base,
			);
			mainGroup = EF9A2EAE2E78B7390047B4FD;
			minimizedProjectReferenceProxies = 1;
			packageReferences = (
				EF9A2EE22E78B78B0047B4FD /* XCRemoteSwiftPackageReference "swift-package-manager-google-mobile-ads" */,
			);
			preferredProjectObjectVersion = 77;
			productRefGroup = EF9A2EB82E78B7390047B4FD /* Products */;
			projectDirPath = "";
			projectRoot = "";
			targets = (
				EF9A2EB62E78B7390047B4FD /* SevenMinuteWorkout */,
				EF9A2EC42E78B73A0047B4FD /* SevenMinuteWorkoutTests */,
				EF9A2ECE2E78B73A0047B4FD /* SevenMinuteWorkoutUITests */,
			);
		};
/* End PBXProject section */

/* Begin PBXResourcesBuildPhase section */
		EF9A2EB52E78B7390047B4FD /* Resources */ = {
			isa = PBXResourcesBuildPhase;
			buildActionMask = 2147483647;
			files = (
			);
			runOnlyForDeploymentPostprocessing = 0;
		};
		EF9A2EC32E78B73A0047B4FD /* Resources */ = {
			isa = PBXResourcesBuildPhase;
			buildActionMask = 2147483647;
			files = (
			);
			runOnlyForDeploymentPostprocessing = 0;
		};
		EF9A2ECD2E78B73A0047B4FD /* Resources */ = {
			isa = PBXResourcesBuildPhase;
			buildActionMask = 2147483647;
			files = (
			);
			runOnlyForDeploymentPostprocessing = 0;
		};
/* End PBXResourcesBuildPhase section */

/* Begin PBXSourcesBuildPhase section */
		EF9A2EB32E78B7390047B4FD /* Sources */ = {
			isa = PBXSourcesBuildPhase;
			buildActionMask = 2147483647;
			files = (
			);
			runOnlyForDeploymentPostprocessing = 0;
		};
		EF9A2EC12E78B73A0047B4FD /* Sources */ = {
			isa = PBXSourcesBuildPhase;
			buildActionMask = 2147483647;
			files = (
			);
			runOnlyForDeploymentPostprocessing = 0;
		};
		EF9A2ECB2E78B73A0047B4FD /* Sources */ = {
			isa = PBXSourcesBuildPhase;
			buildActionMask = 2147483647;
			files = (
			);
			runOnlyForDeploymentPostprocessing = 0;
		};
/* End PBXSourcesBuildPhase section */

/* Begin PBXTargetDependency section */
		EF9A2EC72E78B73A0047B4FD /* PBXTargetDependency */ = {
			isa = PBXTargetDependency;
			target = EF9A2EB62E78B7390047B4FD /* SevenMinuteWorkout */;
			targetProxy = EF9A2EC62E78B73A0047B4FD /* PBXContainerItemProxy */;
		};
		EF9A2ED12E78B73A0047B4FD /* PBXTargetDependency */ = {
			isa = PBXTargetDependency;
			target = EF9A2EB62E78B7390047B4FD /* SevenMinuteWorkout */;
			targetProxy = EF9A2ED02E78B73A0047B4FD /* PBXContainerItemProxy */;
		};
/* End PBXTargetDependency section */

/* Begin XCBuildConfiguration section */
		EF9A2ED72E78B73A0047B4FD /* Debug */ = {
			isa = XCBuildConfiguration;
			buildSettings = {
				ALWAYS_SEARCH_USER_PATHS = NO;
				ASSETCATALOG_COMPILER_GENERATE_SWIFT_ASSET_SYMBOL_EXTENSIONS = YES;
				CLANG_ANALYZER_NONNULL = YES;
				CLANG_ANALYZER_NUMBER_OBJECT_CONVERSION = YES_AGGRESSIVE;
				CLANG_CXX_LANGUAGE_STANDARD = "gnu++20";
				CLANG_ENABLE_MODULES = YES;
				CLANG_ENABLE_OBJC_ARC = YES;
				CLANG_ENABLE_OBJC_WEAK = YES;
				CLANG_WARN_BLOCK_CAPTURE_AUTORELEASING = YES;
				CLANG_WARN_BOOL_CONVERSION = YES;
				CLANG_WARN_COMMA = YES;
				CLANG_WARN_CONSTANT_CONVERSION = YES;
				CLANG_WARN_DEPRECATED_OBJC_IMPLEMENTATIONS = YES;
				CLANG_WARN_DIRECT_OBJC_ISA_USAGE = YES_ERROR;
				CLANG_WARN_DOCUMENTATION_COMMENTS = YES;
				CLANG_WARN_EMPTY_BODY = YES;
				CLANG_WARN_ENUM_CONVERSION = YES;
				CLANG_WARN_INFINITE_RECURSION = YES;
				CLANG_WARN_INT_CONVERSION = YES;
				CLANG_WARN_NON_LITERAL_NULL_CONVERSION = YES;
				CLANG_WARN_OBJC_IMPLICIT_RETAIN_SELF = YES;
				CLANG_WARN_OBJC_LITERAL_CONVERSION = YES;
				CLANG_WARN_OBJC_ROOT_CLASS = YES_ERROR;
				CLANG_WARN_QUOTED_INCLUDE_IN_FRAMEWORK_HEADER = YES;
				CLANG_WARN_RANGE_LOOP_ANALYSIS = YES;
				CLANG_WARN_STRICT_PROTOTYPES = YES;
				CLANG_WARN_SUSPICIOUS_MOVE = YES;
				CLANG_WARN_UNGUARDED_AVAILABILITY = YES_AGGRESSIVE;
				CLANG_WARN_UNREACHABLE_CODE = YES;
				CLANG_WARN__DUPLICATE_METHOD_MATCH = YES;
				COPY_PHASE_STRIP = NO;
				DEAD_CODE_STRIPPING = YES;
				DEBUG_INFORMATION_FORMAT = dwarf;
				DEVELOPMENT_TEAM = AYZ9SP42W8;
				ENABLE_STRICT_OBJC_MSGSEND = YES;
				ENABLE_TESTABILITY = YES;
				ENABLE_USER_SCRIPT_SANDBOXING = YES;
				GCC_C_LANGUAGE_STANDARD = gnu17;
				GCC_DYNAMIC_NO_PIC = NO;
				GCC_NO_COMMON_BLOCKS = YES;
				GCC_OPTIMIZATION_LEVEL = 0;
				GCC_PREPROCESSOR_DEFINITIONS = (
					"DEBUG=1",
					"$(inherited)",
				);
				GCC_WARN_64_TO_32_BIT_CONVERSION = YES;
				GCC_WARN_ABOUT_RETURN_TYPE = YES_ERROR;
				GCC_WARN_UNDECLARED_SELECTOR = YES;
				GCC_WARN_UNINITIALIZED_AUTOS = YES_AGGRESSIVE;
				GCC_WARN_UNUSED_FUNCTION = YES;
				GCC_WARN_UNUSED_VARIABLE = YES;
				LOCALIZATION_PREFERS_STRING_CATALOGS = YES;
				MTL_ENABLE_DEBUG_INFO = INCLUDE_SOURCE;
				MTL_FAST_MATH = YES;
				ONLY_ACTIVE_ARCH = YES;
				STRING_CATALOG_GENERATE_SYMBOLS = YES;
				SWIFT_ACTIVE_COMPILATION_CONDITIONS = "DEBUG $(inherited)";
				SWIFT_OPTIMIZATION_LEVEL = "-Onone";
			};
			name = Debug;
		};
		EF9A2ED82E78B73A0047B4FD /* Release */ = {
			isa = XCBuildConfiguration;
			buildSettings = {
				ALWAYS_SEARCH_USER_PATHS = NO;
				ASSETCATALOG_COMPILER_GENERATE_SWIFT_ASSET_SYMBOL_EXTENSIONS = YES;
				CLANG_ANALYZER_NONNULL = YES;
				CLANG_ANALYZER_NUMBER_OBJECT_CONVERSION = YES_AGGRESSIVE;
				CLANG_CXX_LANGUAGE_STANDARD = "gnu++20";
				CLANG_ENABLE_MODULES = YES;
				CLANG_ENABLE_OBJC_ARC = YES;
				CLANG_ENABLE_OBJC_WEAK = YES;
				CLANG_WARN_BLOCK_CAPTURE_AUTORELEASING = YES;
				CLANG_WARN_BOOL_CONVERSION = YES;
				CLANG_WARN_COMMA = YES;
				CLANG_WARN_CONSTANT_CONVERSION = YES;
				CLANG_WARN_DEPRECATED_OBJC_IMPLEMENTATIONS = YES;
				CLANG_WARN_DIRECT_OBJC_ISA_USAGE = YES_ERROR;
				CLANG_WARN_DOCUMENTATION_COMMENTS = YES;
				CLANG_WARN_EMPTY_BODY = YES;
				CLANG_WARN_ENUM_CONVERSION = YES;
				CLANG_WARN_INFINITE_RECURSION = YES;
				CLANG_WARN_INT_CONVERSION = YES;
				CLANG_WARN_NON_LITERAL_NULL_CONVERSION = YES;
				CLANG_WARN_OBJC_IMPLICIT_RETAIN_SELF = YES;
				CLANG_WARN_OBJC_LITERAL_CONVERSION = YES;
				CLANG_WARN_OBJC_ROOT_CLASS = YES_ERROR;
				CLANG_WARN_QUOTED_INCLUDE_IN_FRAMEWORK_HEADER = YES;
				CLANG_WARN_RANGE_LOOP_ANALYSIS = YES;
				CLANG_WARN_STRICT_PROTOTYPES = YES;
				CLANG_WARN_SUSPICIOUS_MOVE = YES;
				CLANG_WARN_UNGUARDED_AVAILABILITY = YES_AGGRESSIVE;
				CLANG_WARN_UNREACHABLE_CODE = YES;
				CLANG_WARN__DUPLICATE_METHOD_MATCH = YES;
				COPY_PHASE_STRIP = NO;
				DEAD_CODE_STRIPPING = YES;
				DEBUG_INFORMATION_FORMAT = "dwarf-with-dsym";
				DEVELOPMENT_TEAM = AYZ9SP42W8;
				ENABLE_NS_ASSERTIONS = NO;
				ENABLE_STRICT_OBJC_MSGSEND = YES;
				ENABLE_USER_SCRIPT_SANDBOXING = YES;
				GCC_C_LANGUAGE_STANDARD = gnu17;
				GCC_NO_COMMON_BLOCKS = YES;
				GCC_WARN_64_TO_32_BIT_CONVERSION = YES;
				GCC_WARN_ABOUT_RETURN_TYPE = YES_ERROR;
				GCC_WARN_UNDECLARED_SELECTOR = YES;
				GCC_WARN_UNINITIALIZED_AUTOS = YES_AGGRESSIVE;
				GCC_WARN_UNUSED_FUNCTION = YES;
				GCC_WARN_UNUSED_VARIABLE = YES;
				LOCALIZATION_PREFERS_STRING_CATALOGS = YES;
				MTL_ENABLE_DEBUG_INFO = NO;
				MTL_FAST_MATH = YES;
				STRING_CATALOG_GENERATE_SYMBOLS = YES;
				SWIFT_COMPILATION_MODE = wholemodule;
			};
			name = Release;
		};
		EF9A2EDA2E78B73A0047B4FD /* Debug */ = {
			isa = XCBuildConfiguration;
			buildSettings = {
				ASSETCATALOG_COMPILER_APPICON_NAME = AppIcon;
				ASSETCATALOG_COMPILER_GLOBAL_ACCENT_COLOR_NAME = AccentColor;
				CODE_SIGN_ENTITLEMENTS = SevenMinuteWorkout/SevenMinuteWorkout.entitlements;
				CODE_SIGN_STYLE = Automatic;
				CURRENT_PROJECT_VERSION = 3;
				DEAD_CODE_STRIPPING = YES;
				DEVELOPMENT_TEAM = AYZ9SP42W8;
				ENABLE_APP_SANDBOX = YES;
				ENABLE_HARDENED_RUNTIME = YES;
				ENABLE_PREVIEWS = YES;
				ENABLE_USER_SELECTED_FILES = readonly;
				GENERATE_INFOPLIST_FILE = YES;
				INFOPLIST_FILE = SevenMinuteWorkout/Info.plist;
				INFOPLIST_KEY_CFBundleDisplayName = SevenMinuteWorkout;
				INFOPLIST_KEY_NSUserTrackingUsageDescription = "We use this to show relevant ads and support free features.";
				"INFOPLIST_KEY_UIApplicationSceneManifest_Generation[sdk=iphoneos*]" = NO;
				"INFOPLIST_KEY_UIApplicationSceneManifest_Generation[sdk=iphonesimulator*]" = NO;
				"INFOPLIST_KEY_UIApplicationSupportsIndirectInputEvents[sdk=iphoneos*]" = YES;
				"INFOPLIST_KEY_UIApplicationSupportsIndirectInputEvents[sdk=iphonesimulator*]" = YES;
				"INFOPLIST_KEY_UILaunchScreen_Generation[sdk=iphoneos*]" = NO;
				"INFOPLIST_KEY_UILaunchScreen_Generation[sdk=iphonesimulator*]" = NO;
				INFOPLIST_KEY_UIRequiresFullScreen = YES;
				"INFOPLIST_KEY_UIStatusBarStyle[sdk=iphoneos*]" = UIStatusBarStyleDefault;
				"INFOPLIST_KEY_UIStatusBarStyle[sdk=iphonesimulator*]" = UIStatusBarStyleDefault;
				INFOPLIST_KEY_UISupportedInterfaceOrientations_iPad = "UIInterfaceOrientationPortrait UIInterfaceOrientationPortraitUpsideDown UIInterfaceOrientationLandscapeLeft UIInterfaceOrientationLandscapeRight";
				INFOPLIST_KEY_UISupportedInterfaceOrientations_iPhone = "UIInterfaceOrientationPortrait UIInterfaceOrientationLandscapeLeft UIInterfaceOrientationLandscapeRight";
				IPHONEOS_DEPLOYMENT_TARGET = 16.0;
				LD_RUNPATH_SEARCH_PATHS = "@executable_path/Frameworks";
				"LD_RUNPATH_SEARCH_PATHS[sdk=macosx*]" = "@executable_path/../Frameworks";
				MACOSX_DEPLOYMENT_TARGET = 15.5;
				MARKETING_VERSION = 1.3;
				PRODUCT_BUNDLE_IDENTIFIER = williamalston.SevenMinuteWorkout;
				PRODUCT_NAME = "$(TARGET_NAME)";
				REGISTER_APP_GROUPS = YES;
				SDKROOT = auto;
				SUPPORTED_PLATFORMS = "iphoneos iphonesimulator";
				SUPPORTS_MACCATALYST = NO;
				SWIFT_EMIT_LOC_STRINGS = YES;
				SWIFT_VERSION = 5.0;
				TARGETED_DEVICE_FAMILY = "1,2";
				XROS_DEPLOYMENT_TARGET = 2.5;
			};
			name = Debug;
		};
		EF9A2EDB2E78B73A0047B4FD /* Release */ = {
			isa = XCBuildConfiguration;
			buildSettings = {
				ASSETCATALOG_COMPILER_APPICON_NAME = AppIcon;
				ASSETCATALOG_COMPILER_GLOBAL_ACCENT_COLOR_NAME = AccentColor;
				CODE_SIGN_ENTITLEMENTS = SevenMinuteWorkout/SevenMinuteWorkout.entitlements;
				CODE_SIGN_STYLE = Automatic;
				CURRENT_PROJECT_VERSION = 3;
				DEAD_CODE_STRIPPING = YES;
				DEVELOPMENT_TEAM = AYZ9SP42W8;
				ENABLE_APP_SANDBOX = YES;
				ENABLE_HARDENED_RUNTIME = YES;
				ENABLE_PREVIEWS = YES;
				ENABLE_USER_SELECTED_FILES = readonly;
				GENERATE_INFOPLIST_FILE = YES;
				INFOPLIST_FILE = SevenMinuteWorkout/Info.plist;
				INFOPLIST_KEY_CFBundleDisplayName = SevenMinuteWorkout;
				INFOPLIST_KEY_NSUserTrackingUsageDescription = "We use this to show relevant ads and support free features.";
				"INFOPLIST_KEY_UIApplicationSceneManifest_Generation[sdk=iphoneos*]" = NO;
				"INFOPLIST_KEY_UIApplicationSceneManifest_Generation[sdk=iphonesimulator*]" = NO;
				"INFOPLIST_KEY_UIApplicationSupportsIndirectInputEvents[sdk=iphoneos*]" = YES;
				"INFOPLIST_KEY_UIApplicationSupportsIndirectInputEvents[sdk=iphonesimulator*]" = YES;
				"INFOPLIST_KEY_UILaunchScreen_Generation[sdk=iphoneos*]" = NO;
				"INFOPLIST_KEY_UILaunchScreen_Generation[sdk=iphonesimulator*]" = NO;
				INFOPLIST_KEY_UIRequiresFullScreen = YES;
				"INFOPLIST_KEY_UIStatusBarStyle[sdk=iphoneos*]" = UIStatusBarStyleDefault;
				"INFOPLIST_KEY_UIStatusBarStyle[sdk=iphonesimulator*]" = UIStatusBarStyleDefault;
				INFOPLIST_KEY_UISupportedInterfaceOrientations_iPad = "UIInterfaceOrientationPortrait UIInterfaceOrientationPortraitUpsideDown UIInterfaceOrientationLandscapeLeft UIInterfaceOrientationLandscapeRight";
				INFOPLIST_KEY_UISupportedInterfaceOrientations_iPhone = "UIInterfaceOrientationPortrait UIInterfaceOrientationLandscapeLeft UIInterfaceOrientationLandscapeRight";
				IPHONEOS_DEPLOYMENT_TARGET = 16.0;
				LD_RUNPATH_SEARCH_PATHS = "@executable_path/Frameworks";
				"LD_RUNPATH_SEARCH_PATHS[sdk=macosx*]" = "@executable_path/../Frameworks";
				MACOSX_DEPLOYMENT_TARGET = 15.5;
				MARKETING_VERSION = 1.3;
				PRODUCT_BUNDLE_IDENTIFIER = williamalston.SevenMinuteWorkout;
				PRODUCT_NAME = "$(TARGET_NAME)";
				REGISTER_APP_GROUPS = YES;
				SDKROOT = auto;
				SUPPORTED_PLATFORMS = "iphoneos iphonesimulator";
				SUPPORTS_MACCATALYST = NO;
				SWIFT_EMIT_LOC_STRINGS = YES;
				SWIFT_VERSION = 5.0;
				TARGETED_DEVICE_FAMILY = "1,2";
				XROS_DEPLOYMENT_TARGET = 2.5;
			};
			name = Release;
		};
		EF9A2EDD2E78B73A0047B4FD /* Debug */ = {
			isa = XCBuildConfiguration;
			buildSettings = {
				BUNDLE_LOADER = "$(TEST_HOST)";
				CODE_SIGN_STYLE = Automatic;
				CURRENT_PROJECT_VERSION = 3;
				DEAD_CODE_STRIPPING = YES;
				DEVELOPMENT_TEAM = AYZ9SP42W8;
				GENERATE_INFOPLIST_FILE = YES;
				IPHONEOS_DEPLOYMENT_TARGET = 16.0;
				MACOSX_DEPLOYMENT_TARGET = 15.5;
				MARKETING_VERSION = 1.0;
				PRODUCT_BUNDLE_IDENTIFIER = williamalston.SevenMinuteWorkoutTests;
				PRODUCT_NAME = "$(TARGET_NAME)";
				SDKROOT = auto;
				SUPPORTED_PLATFORMS = "iphoneos iphonesimulator";
				SUPPORTS_MACCATALYST = NO;
				SWIFT_EMIT_LOC_STRINGS = NO;
				SWIFT_VERSION = 5.0;
				TARGETED_DEVICE_FAMILY = "1,2";
				TEST_HOST = "$(BUILT_PRODUCTS_DIR)/SevenMinuteWorkout.app/$(BUNDLE_EXECUTABLE_FOLDER_PATH)/SevenMinuteWorkout";
				XROS_DEPLOYMENT_TARGET = 2.5;
			};
			name = Debug;
		};
		EF9A2EDE2E78B73A0047B4FD /* Release */ = {
			isa = XCBuildConfiguration;
			buildSettings = {
				BUNDLE_LOADER = "$(TEST_HOST)";
				CODE_SIGN_STYLE = Automatic;
				CURRENT_PROJECT_VERSION = 3;
				DEAD_CODE_STRIPPING = YES;
				DEVELOPMENT_TEAM = AYZ9SP42W8;
				GENERATE_INFOPLIST_FILE = YES;
				IPHONEOS_DEPLOYMENT_TARGET = 16.0;
				MACOSX_DEPLOYMENT_TARGET = 15.5;
				MARKETING_VERSION = 1.0;
				PRODUCT_BUNDLE_IDENTIFIER = williamalston.SevenMinuteWorkoutTests;
				PRODUCT_NAME = "$(TARGET_NAME)";
				SDKROOT = auto;
				SUPPORTED_PLATFORMS = "iphoneos iphonesimulator";
				SUPPORTS_MACCATALYST = NO;
				SWIFT_EMIT_LOC_STRINGS = NO;
				SWIFT_VERSION = 5.0;
				TARGETED_DEVICE_FAMILY = "1,2";
				TEST_HOST = "$(BUILT_PRODUCTS_DIR)/SevenMinuteWorkout.app/$(BUNDLE_EXECUTABLE_FOLDER_PATH)/SevenMinuteWorkout";
				XROS_DEPLOYMENT_TARGET = 2.5;
			};
			name = Release;
		};
		EF9A2EE02E78B73A0047B4FD /* Debug */ = {
			isa = XCBuildConfiguration;
			buildSettings = {
				CODE_SIGN_STYLE = Automatic;
				CURRENT_PROJECT_VERSION = 3;
				DEAD_CODE_STRIPPING = YES;
				DEVELOPMENT_TEAM = AYZ9SP42W8;
				GENERATE_INFOPLIST_FILE = YES;
				IPHONEOS_DEPLOYMENT_TARGET = 16.0;
				MACOSX_DEPLOYMENT_TARGET = 15.5;
				MARKETING_VERSION = 1.0;
				PRODUCT_BUNDLE_IDENTIFIER = williamalston.SevenMinuteWorkoutUITests;
				PRODUCT_NAME = "$(TARGET_NAME)";
				SDKROOT = auto;
				SUPPORTED_PLATFORMS = "iphoneos iphonesimulator";
				SUPPORTS_MACCATALYST = NO;
				SWIFT_EMIT_LOC_STRINGS = NO;
				SWIFT_VERSION = 5.0;
				TARGETED_DEVICE_FAMILY = "1,2";
				TEST_TARGET_NAME = SevenMinuteWorkout;
				XROS_DEPLOYMENT_TARGET = 2.5;
			};
			name = Debug;
		};
		EF9A2EE12E78B73A0047B4FD /* Release */ = {
			isa = XCBuildConfiguration;
			buildSettings = {
				CODE_SIGN_STYLE = Automatic;
				CURRENT_PROJECT_VERSION = 3;
				DEAD_CODE_STRIPPING = YES;
				DEVELOPMENT_TEAM = AYZ9SP42W8;
				GENERATE_INFOPLIST_FILE = YES;
				IPHONEOS_DEPLOYMENT_TARGET = 16.0;
				MACOSX_DEPLOYMENT_TARGET = 15.5;
				MARKETING_VERSION = 1.0;
				PRODUCT_BUNDLE_IDENTIFIER = williamalston.SevenMinuteWorkoutUITests;
				PRODUCT_NAME = "$(TARGET_NAME)";
				SDKROOT = auto;
				SUPPORTED_PLATFORMS = "iphoneos iphonesimulator";
				SUPPORTS_MACCATALYST = NO;
				SWIFT_EMIT_LOC_STRINGS = NO;
				SWIFT_VERSION = 5.0;
				TARGETED_DEVICE_FAMILY = "1,2";
				TEST_TARGET_NAME = SevenMinuteWorkout;
				XROS_DEPLOYMENT_TARGET = 2.5;
			};
			name = Release;
		};
/* End XCBuildConfiguration section */

/* Begin XCConfigurationList section */
		EF9A2EB22E78B7390047B4FD /* Build configuration list for PBXProject "SevenMinuteWorkout" */ = {
			isa = XCConfigurationList;
			buildConfigurations = (
				EF9A2ED72E78B73A0047B4FD /* Debug */,
				EF9A2ED82E78B73A0047B4FD /* Release */,
			);
			defaultConfigurationIsVisible = 0;
			defaultConfigurationName = Release;
		};
		EF9A2ED92E78B73A0047B4FD /* Build configuration list for PBXNativeTarget "SevenMinuteWorkout" */ = {
			isa = XCConfigurationList;
			buildConfigurations = (
				EF9A2EDA2E78B73A0047B4FD /* Debug */,
				EF9A2EDB2E78B73A0047B4FD /* Release */,
			);
			defaultConfigurationIsVisible = 0;
			defaultConfigurationName = Release;
		};
		EF9A2EDC2E78B73A0047B4FD /* Build configuration list for PBXNativeTarget "SevenMinuteWorkoutTests" */ = {
			isa = XCConfigurationList;
			buildConfigurations = (
				EF9A2EDD2E78B73A0047B4FD /* Debug */,
				EF9A2EDE2E78B73A0047B4FD /* Release */,
			);
			defaultConfigurationIsVisible = 0;
			defaultConfigurationName = Release;
		};
		EF9A2EDF2E78B73A0047B4FD /* Build configuration list for PBXNativeTarget "SevenMinuteWorkoutUITests" */ = {
			isa = XCConfigurationList;
			buildConfigurations = (
				EF9A2EE02E78B73A0047B4FD /* Debug */,
				EF9A2EE12E78B73A0047B4FD /* Release */,
			);
			defaultConfigurationIsVisible = 0;
			defaultConfigurationName = Release;
		};
/* End XCConfigurationList section */

/* Begin XCRemoteSwiftPackageReference section */
		EF9A2EE22E78B78B0047B4FD /* XCRemoteSwiftPackageReference "swift-package-manager-google-mobile-ads" */ = {
			isa = XCRemoteSwiftPackageReference;
			repositoryURL = "https://github.com/googleads/swift-package-manager-google-mobile-ads";
			requirement = {
				kind = upToNextMajorVersion;
				minimumVersion = 12.11.0;
			};
		};
/* End XCRemoteSwiftPackageReference section */

/* Begin XCSwiftPackageProductDependency section */
		EF9A2EE32E78B78B0047B4FD /* GoogleMobileAds */ = {
			isa = XCSwiftPackageProductDependency;
			package = EF9A2EE22E78B78B0047B4FD /* XCRemoteSwiftPackageReference "swift-package-manager-google-mobile-ads" */;
			productName = GoogleMobileAds;
		};
/* End XCSwiftPackageProductDependency section */
	};
	rootObject = EF9A2EAF2E78B7390047B4FD /* Project object */;
}
